
Microsoft Visual Studio Solution File, Format Version 12.00
# Visual Studio 15
Project("{FAE04EC0-301F-11D3-BF4B-00C04F79EFBC}") = "UnityEngine.UI", "UnityEngine.UI.csproj", "{F7A2367A-2EF1-E3A5-7113-633E8A4A6979}"
EndProject
Project("{FAE04EC0-301F-11D3-BF4B-00C04F79EFBC}") = "Unity.RenderPipelines.Core.Runtime", "Unity.RenderPipelines.Core.Runtime.csproj", "{15904222-27E5-9BDE-C744-0D461E61A257}"
EndProject
Project("{FAE04EC0-301F-11D3-BF4B-00C04F79EFBC}") = "Unity.RenderPipelines.HighDefinition.Runtime", "Unity.RenderPipelines.HighDefinition.Runtime.csproj", "{1392F0FA-81B6-6D31-35D4-4DB3292A8F40}"
EndProject
Project("{FAE04EC0-301F-11D3-BF4B-00C04F79EFBC}") = "UnityEngine.TestRunner", "UnityEngine.TestRunner.csproj", "{D7FDC389-65DF-9D68-D8E1-FEA9EE37E5A3}"
EndProject
Project("{FAE04EC0-301F-11D3-BF4B-00C04F79EFBC}") = "Unity.InputSystem", "Unity.InputSystem.csproj", "{155EB3AC-31D9-68FB-D48B-E94E22F440B6}"
EndProject
Project("{FAE04EC0-301F-11D3-BF4B-00C04F79EFBC}") = "Unity.VisualScripting.State", "Unity.VisualScripting.State.csproj", "{47723E3F-08C0-42F8-D393-2311A5B18770}"
EndProject
Project("{FAE04EC0-301F-11D3-BF4B-00C04F79EFBC}") = "Unity.RenderPipelines.Universal.Runtime", "Unity.RenderPipelines.Universal.Runtime.csproj", "{0CDBCDDF-E0E8-BC5A-429D-967E0ED51B5D}"
EndProject
Project("{FAE04EC0-301F-11D3-BF4B-00C04F79EFBC}") = "Unity.VisualScripting.Flow", "Unity.VisualScripting.Flow.csproj", "{AB0A30F4-F10D-A6CE-7C6B-04916584AB5E}"
EndProject
Project("{FAE04EC0-301F-11D3-BF4B-00C04F79EFBC}") = "Unity.VisualScripting.Core", "Unity.VisualScripting.Core.csproj", "{3248033D-AE51-5FEA-1359-E1AC341E8516}"
EndProject
Project("{FAE04EC0-301F-11D3-BF4B-00C04F79EFBC}") = "Unity.TextMeshPro", "Unity.TextMeshPro.csproj", "{83FBCEFA-1F18-F199-0C8B-8BAAB1E44B2A}"
EndProject
Project("{FAE04EC0-301F-11D3-BF4B-00C04F79EFBC}") = "Unity.Burst", "Unity.Burst.csproj", "{9E6E5436-4205-EB6F-AFFE-A1DB9E7D8567}"
EndProject
Project("{FAE04EC0-301F-11D3-BF4B-00C04F79EFBC}") = "Unity.RenderPipeline.Universal.ShaderLibrary", "Unity.RenderPipeline.Universal.ShaderLibrary.csproj", "{1EC3EADB-C70D-D568-3D66-E9751C20CCC4}"
EndProject
Project("{FAE04EC0-301F-11D3-BF4B-00C04F79EFBC}") = "Assembly-CSharp", "Assembly-CSharp.csproj", "{9E35EA32-85BB-DE78-06A9-4C1642467304}"
EndProject
Project("{FAE04EC0-301F-11D3-BF4B-00C04F79EFBC}") = "Unity.Timeline", "Unity.Timeline.csproj", "{69CF967D-1623-7F66-3BDC-7E3A8DC9B853}"
EndProject
Project("{FAE04EC0-301F-11D3-BF4B-00C04F79EFBC}") = "Unity.Mathematics", "Unity.Mathematics.csproj", "{C0E0A8C7-42DD-60D7-E6BA-E92D4B4D4ABF}"
EndProject
Project("{FAE04EC0-301F-11D3-BF4B-00C04F79EFBC}") = "Unity.VisualEffectGraph.Runtime", "Unity.VisualEffectGraph.Runtime.csproj", "{1C236D9D-BBB9-DF0F-B133-D3E338767511}"
EndProject
Project("{FAE04EC0-301F-11D3-BF4B-00C04F79EFBC}") = "Unity.TerrainTools", "Unity.TerrainTools.csproj", "{BE3751A4-E709-5D9C-7DEA-D0168F1EC1CB}"
EndProject
Project("{FAE04EC0-301F-11D3-BF4B-00C04F79EFBC}") = "Unity.RenderPipelines.ShaderGraph.ShaderGraphLibrary", "Unity.RenderPipelines.ShaderGraph.ShaderGraphLibrary.csproj", "{8062253C-2860-64C4-1B9D-20092915BF32}"
EndProject
Project("{FAE04EC0-301F-11D3-BF4B-00C04F79EFBC}") = "Unity.InputSystem.TestFramework", "Unity.InputSystem.TestFramework.csproj", "{F0134251-4124-7897-D37F-AC5618F777A1}"
EndProject
Project("{FAE04EC0-301F-11D3-BF4B-00C04F79EFBC}") = "Unity.RenderPipelines.Core.ShaderLibrary", "Unity.RenderPipelines.Core.ShaderLibrary.csproj", "{BB9E7A7E-EA04-6CC8-F0A4-2C671CC79AD0}"
EndProject
Project("{FAE04EC0-301F-11D3-BF4B-00C04F79EFBC}") = "Unity.RenderPipelines.Universal.Shaders", "Unity.RenderPipelines.Universal.Shaders.csproj", "{3FF34C36-344E-37D9-EF98-8D74D5F0E0E3}"
EndProject
Project("{FAE04EC0-301F-11D3-BF4B-00C04F79EFBC}") = "Unity.RenderPipelines.HighDefinition.Config.Runtime", "Unity.RenderPipelines.HighDefinition.Config.Runtime.csproj", "{6CA12E59-B875-BC67-CE6F-C08B3183731B}"
EndProject
Project("{FAE04EC0-301F-11D3-BF4B-00C04F79EFBC}") = "Unity.PlasticSCM.Editor", "Unity.PlasticSCM.Editor.csproj", "{8DA6BC7F-5B9B-1BF0-1BF0-AEED36B0B7BF}"
EndProject
Project("{FAE04EC0-301F-11D3-BF4B-00C04F79EFBC}") = "Unity.VisualScripting.Core.Editor", "Unity.VisualScripting.Core.Editor.csproj", "{F336E77F-4332-A8B6-5D1F-CEF79170F807}"
EndProject
Project("{FAE04EC0-301F-11D3-BF4B-00C04F79EFBC}") = "Unity.ShaderGraph.Editor", "Unity.ShaderGraph.Editor.csproj", "{5E3B7DE3-EC46-075B-4837-B2F9ED736E13}"
EndProject
Project("{FAE04EC0-301F-11D3-BF4B-00C04F79EFBC}") = "Unity.TerrainTools.Editor", "Unity.TerrainTools.Editor.csproj", "{17AD79D7-EE28-C87C-0B1A-191711822F7C}"
EndProject
Project("{FAE04EC0-301F-11D3-BF4B-00C04F79EFBC}") = "Unity.Timeline.Editor", "Unity.Timeline.Editor.csproj", "{CDEB6336-4423-210C-C9DD-A74CEFF8B658}"
EndProject
Project("{FAE04EC0-301F-11D3-BF4B-00C04F79EFBC}") = "Unity.VisualEffectGraph.Editor", "Unity.VisualEffectGraph.Editor.csproj", "{D21F0EF4-B7C7-FCB5-D75C-74E71A5D0E7F}"
EndProject
Project("{FAE04EC0-301F-11D3-BF4B-00C04F79EFBC}") = "Unity.RenderPipelines.Universal.Editor", "Unity.RenderPipelines.Universal.Editor.csproj", "{1597A4E6-0AEA-BDCA-EFA6-00F55FDEBFB8}"
EndProject
Project("{FAE04EC0-301F-11D3-BF4B-00C04F79EFBC}") = "Unity.TextMeshPro.Editor", "Unity.TextMeshPro.Editor.csproj", "{BF440223-DD89-AD63-980B-BE6D99BCC887}"
EndProject
Project("{FAE04EC0-301F-11D3-BF4B-00C04F79EFBC}") = "Unity.VisualScripting.SettingsProvider.Editor", "Unity.VisualScripting.SettingsProvider.Editor.csproj", "{FC879FB5-5832-D70A-4EBC-E04C6241448B}"
EndProject
Project("{FAE04EC0-301F-11D3-BF4B-00C04F79EFBC}") = "Unity.RenderPipelines.HighDefinition.Editor", "Unity.RenderPipelines.HighDefinition.Editor.csproj", "{F67F1D03-3365-6ECE-0817-3A8AFDA1AE1D}"
EndProject
Project("{FAE04EC0-301F-11D3-BF4B-00C04F79EFBC}") = "UnityEditor.TestRunner", "UnityEditor.TestRunner.csproj", "{0B8DCF5D-7060-5160-7DEE-6757C244D3BA}"
EndProject
Project("{FAE04EC0-301F-11D3-BF4B-00C04F79EFBC}") = "Unity.TestTools.CodeCoverage.Editor", "Unity.TestTools.CodeCoverage.Editor.csproj", "{1B3B0321-75F3-C89F-AFB0-82261093D6AB}"
EndProject
Project("{FAE04EC0-301F-11D3-BF4B-00C04F79EFBC}") = "Unity.VisualScripting.Flow.Editor", "Unity.VisualScripting.Flow.Editor.csproj", "{7F90419A-24D7-FE0C-9701-8E98B69F98C0}"
EndProject
Project("{FAE04EC0-301F-11D3-BF4B-00C04F79EFBC}") = "Unity.Rider.Editor", "Unity.Rider.Editor.csproj", "{AA452A57-9E3A-F7D5-F9DD-74C6A136CBFA}"
EndProject
Project("{FAE04EC0-301F-11D3-BF4B-00C04F79EFBC}") = "Unity.Performance.Profile-Analyzer.Editor", "Unity.Performance.Profile-Analyzer.Editor.csproj", "{8231FFC4-2F8D-2184-4AD9-D4DED58EB76D}"
EndProject
Project("{FAE04EC0-301F-11D3-BF4B-00C04F79EFBC}") = "Unity.RenderPipelines.Core.Editor", "Unity.RenderPipelines.Core.Editor.csproj", "{A0D282DE-FB3C-2329-0AE6-12B743DFF314}"
EndProject
Project("{FAE04EC0-301F-11D3-BF4B-00C04F79EFBC}") = "Unity.Burst.CodeGen", "Unity.Burst.CodeGen.csproj", "{F7828710-6CAC-F6F8-B3B1-849B07B13503}"
EndProject
Project("{FAE04EC0-301F-11D3-BF4B-00C04F79EFBC}") = "Unity.VSCode.Editor", "Unity.VSCode.Editor.csproj", "{BCF9D842-7512-15DB-1511-6B160A331753}"
EndProject
Project("{FAE04EC0-301F-11D3-BF4B-00C04F79EFBC}") = "Unity.VisualStudio.Editor", "Unity.VisualStudio.Editor.csproj", "{74C60041-7037-3DEC-71D4-0063F8697126}"
EndProject
Project("{FAE04EC0-301F-11D3-BF4B-00C04F79EFBC}") = "Unity.TestTools.CodeCoverage.Editor.OpenCover.Model", "Unity.TestTools.CodeCoverage.Editor.OpenCover.Model.csproj", "{13510EEE-4DF2-4E33-7D81-64A6D6E53797}"
EndProject
Project("{FAE04EC0-301F-11D3-BF4B-00C04F79EFBC}") = "Unity.Settings.Editor", "Unity.Settings.Editor.csproj", "{B2D1BCA8-9890-12C8-BC25-560DB7AAC92C}"
EndProject
Project("{FAE04EC0-301F-11D3-BF4B-00C04F79EFBC}") = "PPv2URPConverters", "PPv2URPConverters.csproj", "{89438ACE-3BAA-BEB4-E3F8-A4BBCDA9B800}"
EndProject
Project("{FAE04EC0-301F-11D3-BF4B-00C04F79EFBC}") = "Unity.CollabProxy.Editor", "Unity.CollabProxy.Editor.csproj", "{56E58920-4982-AC44-4F4C-C5BD2330982A}"
EndProject
Project("{FAE04EC0-301F-11D3-BF4B-00C04F79EFBC}") = "Unity.VisualScripting.State.Editor", "Unity.VisualScripting.State.Editor.csproj", "{08A270C4-B276-FF04-4768-CBC22BDFBDB7}"
EndProject
Project("{FAE04EC0-301F-11D3-BF4B-00C04F79EFBC}") = "UnityEditor.UI", "UnityEditor.UI.csproj", "{17EDFCDB-A9FF-7DB8-095B-206A6A1FAB4A}"
EndProject
Project("{FAE04EC0-301F-11D3-BF4B-00C04F79EFBC}") = "Unity.Searcher.Editor", "Unity.Searcher.Editor.csproj", "{DFF7AC85-4B98-AF20-727D-FDE9D5E5495F}"
EndProject
Project("{FAE04EC0-301F-11D3-BF4B-00C04F79EFBC}") = "Unity.Burst.Editor", "Unity.Burst.Editor.csproj", "{6A4D7D58-7361-307E-959A-78FB1A5D91F5}"
EndProject
Project("{FAE04EC0-301F-11D3-BF4B-00C04F79EFBC}") = "Unity.ShaderGraph.Utilities", "Unity.ShaderGraph.Utilities.csproj", "{8BC7B131-81F4-612E-BFAD-46D2DA8FDC60}"
EndProject
Project("{FAE04EC0-301F-11D3-BF4B-00C04F79EFBC}") = "Unity.Mathematics.Editor", "Unity.Mathematics.Editor.csproj", "{C8CA5AA6-A53D-93CD-0C6B-8A6A616ADDC7}"
EndProject
Project("{FAE04EC0-301F-11D3-BF4B-00C04F79EFBC}") = "Unity.TestTools.CodeCoverage.Editor.OpenCover.Mono.Reflection", "Unity.TestTools.CodeCoverage.Editor.OpenCover.Mono.Reflection.csproj", "{04D4B46A-9C0B-14D8-A449-971EAE69B0C8}"
EndProject
Project("{FAE04EC0-301F-11D3-BF4B-00C04F79EFBC}") = "Unity.EditorCoroutines.Editor", "Unity.EditorCoroutines.Editor.csproj", "{8DFD0890-EACF-FA98-3622-8441AD2433AB}"
EndProject
Project("{FAE04EC0-301F-11D3-BF4B-00C04F79EFBC}") = "Unity.VisualScripting.Shared.Editor", "Unity.VisualScripting.Shared.Editor.csproj", "{5923A543-F182-EFC7-07C1-1BDA94F95B43}"
EndProject
Project("{FAE04EC0-301F-11D3-BF4B-00C04F79EFBC}") = "UnityEngine.UI", "UnityEngine.UI.Player.csproj", "{D768E2B6-10B2-2CE1-B049-CD9B5704E850}"
EndProject
Project("{FAE04EC0-301F-11D3-BF4B-00C04F79EFBC}") = "Unity.RenderPipelines.Core.Runtime", "Unity.RenderPipelines.Core.Runtime.Player.csproj", "{4A8EE0D3-6C89-4AE8-4AF2-AAA5B6BF7AB7}"
EndProject
Project("{FAE04EC0-301F-11D3-BF4B-00C04F79EFBC}") = "Unity.RenderPipelines.HighDefinition.Runtime", "Unity.RenderPipelines.HighDefinition.Runtime.Player.csproj", "{2EBAF496-3228-5BB1-EF03-2B8A386DAF2E}"
EndProject
Project("{FAE04EC0-301F-11D3-BF4B-00C04F79EFBC}") = "UnityEngine.TestRunner", "UnityEngine.TestRunner.Player.csproj", "{8ABC11B0-738E-766A-190C-758CC350EABD}"
EndProject
Project("{FAE04EC0-301F-11D3-BF4B-00C04F79EFBC}") = "Unity.InputSystem", "Unity.InputSystem.Player.csproj", "{59E3E2A8-4E7C-1542-1E7F-6818A4A34651}"
EndProject
Project("{FAE04EC0-301F-11D3-BF4B-00C04F79EFBC}") = "Unity.VisualScripting.State", "Unity.VisualScripting.State.Player.csproj", "{E15C4CAA-2602-03A6-C8B4-8D701976E7D6}"
EndProject
Project("{FAE04EC0-301F-11D3-BF4B-00C04F79EFBC}") = "Unity.RenderPipelines.Universal.Runtime", "Unity.RenderPipelines.Universal.Runtime.Player.csproj", "{B00AD694-8576-8C68-D1D2-915CF263972F}"
EndProject
Project("{FAE04EC0-301F-11D3-BF4B-00C04F79EFBC}") = "Unity.VisualScripting.Flow", "Unity.VisualScripting.Flow.Player.csproj", "{2DBDF915-D544-4FE9-9ACD-94DE5238CE00}"
EndProject
Project("{FAE04EC0-301F-11D3-BF4B-00C04F79EFBC}") = "Unity.VisualScripting.Core", "Unity.VisualScripting.Core.Player.csproj", "{FFC68FCE-8792-F454-D021-705843F62DAF}"
EndProject
Project("{FAE04EC0-301F-11D3-BF4B-00C04F79EFBC}") = "Unity.TextMeshPro", "Unity.TextMeshPro.Player.csproj", "{9F682FFB-8563-A5C2-1AB3-63512A9EE4DD}"
EndProject
Project("{FAE04EC0-301F-11D3-BF4B-00C04F79EFBC}") = "Unity.Burst", "Unity.Burst.Player.csproj", "{04AF48F5-D2D5-6CE6-890A-5DA4E3A0B0BB}"
EndProject
Project("{FAE04EC0-301F-11D3-BF4B-00C04F79EFBC}") = "Unity.RenderPipeline.Universal.ShaderLibrary", "Unity.RenderPipeline.Universal.ShaderLibrary.Player.csproj", "{0C513E75-00F9-5110-05C4-ACF6A87C223A}"
EndProject
Project("{FAE04EC0-301F-11D3-BF4B-00C04F79EFBC}") = "Assembly-CSharp", "Assembly-CSharp.Player.csproj", "{B9855A63-054C-0809-2F75-0A67B4997615}"
EndProject
Project("{FAE04EC0-301F-11D3-BF4B-00C04F79EFBC}") = "Unity.Timeline", "Unity.Timeline.Player.csproj", "{282631ED-991E-7EA9-9E23-83A393F74C2F}"
EndProject
Project("{FAE04EC0-301F-11D3-BF4B-00C04F79EFBC}") = "Unity.Mathematics", "Unity.Mathematics.Player.csproj", "{CDD62EB6-4EA8-2F95-C226-95C823148CFC}"
EndProject
Project("{FAE04EC0-301F-11D3-BF4B-00C04F79EFBC}") = "Unity.VisualEffectGraph.Runtime", "Unity.VisualEffectGraph.Runtime.Player.csproj", "{ED44555F-CEBF-1C03-A948-81CDF434FFB1}"
EndProject
Project("{FAE04EC0-301F-11D3-BF4B-00C04F79EFBC}") = "Unity.TerrainTools", "Unity.TerrainTools.Player.csproj", "{51500AED-6FDE-F082-4B16-449228868BE7}"
EndProject
Project("{FAE04EC0-301F-11D3-BF4B-00C04F79EFBC}") = "Unity.RenderPipelines.ShaderGraph.ShaderGraphLibrary", "Unity.RenderPipelines.ShaderGraph.ShaderGraphLibrary.Player.csproj", "{FDBEA909-2897-C4E8-5869-2FAAEF7FEEC7}"
EndProject
Project("{FAE04EC0-301F-11D3-BF4B-00C04F79EFBC}") = "Unity.InputSystem.TestFramework", "Unity.InputSystem.TestFramework.Player.csproj", "{CB811D54-89F7-39AE-D715-EDA1D07FD405}"
EndProject
Project("{FAE04EC0-301F-11D3-BF4B-00C04F79EFBC}") = "Unity.RenderPipelines.Core.ShaderLibrary", "Unity.RenderPipelines.Core.ShaderLibrary.Player.csproj", "{88CF175E-B598-1F22-A3A6-7FE9D8F3A0DD}"
EndProject
Project("{FAE04EC0-301F-11D3-BF4B-00C04F79EFBC}") = "Unity.RenderPipelines.Universal.Shaders", "Unity.RenderPipelines.Universal.Shaders.Player.csproj", "{CF28BFB2-BA45-1515-D161-B3018B4E0D62}"
EndProject
Project("{FAE04EC0-301F-11D3-BF4B-00C04F79EFBC}") = "Unity.RenderPipelines.HighDefinition.Config.Runtime", "Unity.RenderPipelines.HighDefinition.Config.Runtime.Player.csproj", "{E1800F37-20AA-5622-E170-23C692F4595E}"
EndProject
Global
	GlobalSection(SolutionConfigurationPlatforms) = preSolution
		Debug|Any CPU = Debug|Any CPU
		Release|Any CPU = Release|Any CPU
	EndGlobalSection
	GlobalSection(ProjectConfigurationPlatforms) = postSolution
		{F7A2367A-2EF1-E3A5-7113-633E8A4A6979}.Debug|Any CPU.ActiveCfg = Debug|Any CPU
		{F7A2367A-2EF1-E3A5-7113-633E8A4A6979}.Debug|Any CPU.Build.0 = Debug|Any CPU
		{F7A2367A-2EF1-E3A5-7113-633E8A4A6979}.Release|Any CPU.ActiveCfg = Release|Any CPU
		{F7A2367A-2EF1-E3A5-7113-633E8A4A6979}.Release|Any CPU.Build.0 = Release|Any CPU
		{15904222-27E5-9BDE-C744-0D461E61A257}.Debug|Any CPU.ActiveCfg = Debug|Any CPU
		{15904222-27E5-9BDE-C744-0D461E61A257}.Debug|Any CPU.Build.0 = Debug|Any CPU
		{15904222-27E5-9BDE-C744-0D461E61A257}.Release|Any CPU.ActiveCfg = Release|Any CPU
		{15904222-27E5-9BDE-C744-0D461E61A257}.Release|Any CPU.Build.0 = Release|Any CPU
		{1392F0FA-81B6-6D31-35D4-4DB3292A8F40}.Debug|Any CPU.ActiveCfg = Debug|Any CPU
		{1392F0FA-81B6-6D31-35D4-4DB3292A8F40}.Debug|Any CPU.Build.0 = Debug|Any CPU
		{1392F0FA-81B6-6D31-35D4-4DB3292A8F40}.Release|Any CPU.ActiveCfg = Release|Any CPU
		{1392F0FA-81B6-6D31-35D4-4DB3292A8F40}.Release|Any CPU.Build.0 = Release|Any CPU
		{D7FDC389-65DF-9D68-D8E1-FEA9EE37E5A3}.Debug|Any CPU.ActiveCfg = Debug|Any CPU
		{D7FDC389-65DF-9D68-D8E1-FEA9EE37E5A3}.Debug|Any CPU.Build.0 = Debug|Any CPU
		{D7FDC389-65DF-9D68-D8E1-FEA9EE37E5A3}.Release|Any CPU.ActiveCfg = Release|Any CPU
		{D7FDC389-65DF-9D68-D8E1-FEA9EE37E5A3}.Release|Any CPU.Build.0 = Release|Any CPU
		{155EB3AC-31D9-68FB-D48B-E94E22F440B6}.Debug|Any CPU.ActiveCfg = Debug|Any CPU
		{155EB3AC-31D9-68FB-D48B-E94E22F440B6}.Debug|Any CPU.Build.0 = Debug|Any CPU
		{155EB3AC-31D9-68FB-D48B-E94E22F440B6}.Release|Any CPU.ActiveCfg = Release|Any CPU
		{155EB3AC-31D9-68FB-D48B-E94E22F440B6}.Release|Any CPU.Build.0 = Release|Any CPU
		{47723E3F-08C0-42F8-D393-2311A5B18770}.Debug|Any CPU.ActiveCfg = Debug|Any CPU
		{47723E3F-08C0-42F8-D393-2311A5B18770}.Debug|Any CPU.Build.0 = Debug|Any CPU
		{47723E3F-08C0-42F8-D393-2311A5B18770}.Release|Any CPU.ActiveCfg = Release|Any CPU
		{47723E3F-08C0-42F8-D393-2311A5B18770}.Release|Any CPU.Build.0 = Release|Any CPU
		{0CDBCDDF-E0E8-BC5A-429D-967E0ED51B5D}.Debug|Any CPU.ActiveCfg = Debug|Any CPU
		{0CDBCDDF-E0E8-BC5A-429D-967E0ED51B5D}.Debug|Any CPU.Build.0 = Debug|Any CPU
		{0CDBCDDF-E0E8-BC5A-429D-967E0ED51B5D}.Release|Any CPU.ActiveCfg = Release|Any CPU
		{0CDBCDDF-E0E8-BC5A-429D-967E0ED51B5D}.Release|Any CPU.Build.0 = Release|Any CPU
		{AB0A30F4-F10D-A6CE-7C6B-04916584AB5E}.Debug|Any CPU.ActiveCfg = Debug|Any CPU
		{AB0A30F4-F10D-A6CE-7C6B-04916584AB5E}.Debug|Any CPU.Build.0 = Debug|Any CPU
		{AB0A30F4-F10D-A6CE-7C6B-04916584AB5E}.Release|Any CPU.ActiveCfg = Release|Any CPU
		{AB0A30F4-F10D-A6CE-7C6B-04916584AB5E}.Release|Any CPU.Build.0 = Release|Any CPU
		{3248033D-AE51-5FEA-1359-E1AC341E8516}.Debug|Any CPU.ActiveCfg = Debug|Any CPU
		{3248033D-AE51-5FEA-1359-E1AC341E8516}.Debug|Any CPU.Build.0 = Debug|Any CPU
		{3248033D-AE51-5FEA-1359-E1AC341E8516}.Release|Any CPU.ActiveCfg = Release|Any CPU
		{3248033D-AE51-5FEA-1359-E1AC341E8516}.Release|Any CPU.Build.0 = Release|Any CPU
		{83FBCEFA-1F18-F199-0C8B-8BAAB1E44B2A}.Debug|Any CPU.ActiveCfg = Debug|Any CPU
		{83FBCEFA-1F18-F199-0C8B-8BAAB1E44B2A}.Debug|Any CPU.Build.0 = Debug|Any CPU
		{83FBCEFA-1F18-F199-0C8B-8BAAB1E44B2A}.Release|Any CPU.ActiveCfg = Release|Any CPU
		{83FBCEFA-1F18-F199-0C8B-8BAAB1E44B2A}.Release|Any CPU.Build.0 = Release|Any CPU
		{9E6E5436-4205-EB6F-AFFE-A1DB9E7D8567}.Debug|Any CPU.ActiveCfg = Debug|Any CPU
		{9E6E5436-4205-EB6F-AFFE-A1DB9E7D8567}.Debug|Any CPU.Build.0 = Debug|Any CPU
		{9E6E5436-4205-EB6F-AFFE-A1DB9E7D8567}.Release|Any CPU.ActiveCfg = Release|Any CPU
		{9E6E5436-4205-EB6F-AFFE-A1DB9E7D8567}.Release|Any CPU.Build.0 = Release|Any CPU
		{1EC3EADB-C70D-D568-3D66-E9751C20CCC4}.Debug|Any CPU.ActiveCfg = Debug|Any CPU
		{1EC3EADB-C70D-D568-3D66-E9751C20CCC4}.Debug|Any CPU.Build.0 = Debug|Any CPU
		{1EC3EADB-C70D-D568-3D66-E9751C20CCC4}.Release|Any CPU.ActiveCfg = Release|Any CPU
		{1EC3EADB-C70D-D568-3D66-E9751C20CCC4}.Release|Any CPU.Build.0 = Release|Any CPU
		{9E35EA32-85BB-DE78-06A9-4C1642467304}.Debug|Any CPU.ActiveCfg = Debug|Any CPU
		{9E35EA32-85BB-DE78-06A9-4C1642467304}.Debug|Any CPU.Build.0 = Debug|Any CPU
		{9E35EA32-85BB-DE78-06A9-4C1642467304}.Release|Any CPU.ActiveCfg = Release|Any CPU
		{9E35EA32-85BB-DE78-06A9-4C1642467304}.Release|Any CPU.Build.0 = Release|Any CPU
		{69CF967D-1623-7F66-3BDC-7E3A8DC9B853}.Debug|Any CPU.ActiveCfg = Debug|Any CPU
		{69CF967D-1623-7F66-3BDC-7E3A8DC9B853}.Debug|Any CPU.Build.0 = Debug|Any CPU
		{69CF967D-1623-7F66-3BDC-7E3A8DC9B853}.Release|Any CPU.ActiveCfg = Release|Any CPU
		{69CF967D-1623-7F66-3BDC-7E3A8DC9B853}.Release|Any CPU.Build.0 = Release|Any CPU
		{C0E0A8C7-42DD-60D7-E6BA-E92D4B4D4ABF}.Debug|Any CPU.ActiveCfg = Debug|Any CPU
		{C0E0A8C7-42DD-60D7-E6BA-E92D4B4D4ABF}.Debug|Any CPU.Build.0 = Debug|Any CPU
		{C0E0A8C7-42DD-60D7-E6BA-E92D4B4D4ABF}.Release|Any CPU.ActiveCfg = Release|Any CPU
		{C0E0A8C7-42DD-60D7-E6BA-E92D4B4D4ABF}.Release|Any CPU.Build.0 = Release|Any CPU
		{1C236D9D-BBB9-DF0F-B133-D3E338767511}.Debug|Any CPU.ActiveCfg = Debug|Any CPU
		{1C236D9D-BBB9-DF0F-B133-D3E338767511}.Debug|Any CPU.Build.0 = Debug|Any CPU
		{1C236D9D-BBB9-DF0F-B133-D3E338767511}.Release|Any CPU.ActiveCfg = Release|Any CPU
		{1C236D9D-BBB9-DF0F-B133-D3E338767511}.Release|Any CPU.Build.0 = Release|Any CPU
		{BE3751A4-E709-5D9C-7DEA-D0168F1EC1CB}.Debug|Any CPU.ActiveCfg = Debug|Any CPU
		{BE3751A4-E709-5D9C-7DEA-D0168F1EC1CB}.Debug|Any CPU.Build.0 = Debug|Any CPU
		{BE3751A4-E709-5D9C-7DEA-D0168F1EC1CB}.Release|Any CPU.ActiveCfg = Release|Any CPU
		{BE3751A4-E709-5D9C-7DEA-D0168F1EC1CB}.Release|Any CPU.Build.0 = Release|Any CPU
		{8062253C-2860-64C4-1B9D-20092915BF32}.Debug|Any CPU.ActiveCfg = Debug|Any CPU
		{8062253C-2860-64C4-1B9D-20092915BF32}.Debug|Any CPU.Build.0 = Debug|Any CPU
		{8062253C-2860-64C4-1B9D-20092915BF32}.Release|Any CPU.ActiveCfg = Release|Any CPU
		{8062253C-2860-64C4-1B9D-20092915BF32}.Release|Any CPU.Build.0 = Release|Any CPU
		{F0134251-4124-7897-D37F-AC5618F777A1}.Debug|Any CPU.ActiveCfg = Debug|Any CPU
		{F0134251-4124-7897-D37F-AC5618F777A1}.Debug|Any CPU.Build.0 = Debug|Any CPU
		{F0134251-4124-7897-D37F-AC5618F777A1}.Release|Any CPU.ActiveCfg = Release|Any CPU
		{F0134251-4124-7897-D37F-AC5618F777A1}.Release|Any CPU.Build.0 = Release|Any CPU
		{BB9E7A7E-EA04-6CC8-F0A4-2C671CC79AD0}.Debug|Any CPU.ActiveCfg = Debug|Any CPU
		{BB9E7A7E-EA04-6CC8-F0A4-2C671CC79AD0}.Debug|Any CPU.Build.0 = Debug|Any CPU
		{BB9E7A7E-EA04-6CC8-F0A4-2C671CC79AD0}.Release|Any CPU.ActiveCfg = Release|Any CPU
		{BB9E7A7E-EA04-6CC8-F0A4-2C671CC79AD0}.Release|Any CPU.Build.0 = Release|Any CPU
		{3FF34C36-344E-37D9-EF98-8D74D5F0E0E3}.Debug|Any CPU.ActiveCfg = Debug|Any CPU
		{3FF34C36-344E-37D9-EF98-8D74D5F0E0E3}.Debug|Any CPU.Build.0 = Debug|Any CPU
		{3FF34C36-344E-37D9-EF98-8D74D5F0E0E3}.Release|Any CPU.ActiveCfg = Release|Any CPU
		{3FF34C36-344E-37D9-EF98-8D74D5F0E0E3}.Release|Any CPU.Build.0 = Release|Any CPU
		{6CA12E59-B875-BC67-CE6F-C08B3183731B}.Debug|Any CPU.ActiveCfg = Debug|Any CPU
		{6CA12E59-B875-BC67-CE6F-C08B3183731B}.Debug|Any CPU.Build.0 = Debug|Any CPU
		{6CA12E59-B875-BC67-CE6F-C08B3183731B}.Release|Any CPU.ActiveCfg = Release|Any CPU
		{6CA12E59-B875-BC67-CE6F-C08B3183731B}.Release|Any CPU.Build.0 = Release|Any CPU
		{8DA6BC7F-5B9B-1BF0-1BF0-AEED36B0B7BF}.Debug|Any CPU.ActiveCfg = Debug|Any CPU
		{8DA6BC7F-5B9B-1BF0-1BF0-AEED36B0B7BF}.Debug|Any CPU.Build.0 = Debug|Any CPU
		{8DA6BC7F-5B9B-1BF0-1BF0-AEED36B0B7BF}.Release|Any CPU.ActiveCfg = Release|Any CPU
		{8DA6BC7F-5B9B-1BF0-1BF0-AEED36B0B7BF}.Release|Any CPU.Build.0 = Release|Any CPU
		{F336E77F-4332-A8B6-5D1F-CEF79170F807}.Debug|Any CPU.ActiveCfg = Debug|Any CPU
		{F336E77F-4332-A8B6-5D1F-CEF79170F807}.Debug|Any CPU.Build.0 = Debug|Any CPU
		{F336E77F-4332-A8B6-5D1F-CEF79170F807}.Release|Any CPU.ActiveCfg = Release|Any CPU
		{F336E77F-4332-A8B6-5D1F-CEF79170F807}.Release|Any CPU.Build.0 = Release|Any CPU
		{5E3B7DE3-EC46-075B-4837-B2F9ED736E13}.Debug|Any CPU.ActiveCfg = Debug|Any CPU
		{5E3B7DE3-EC46-075B-4837-B2F9ED736E13}.Debug|Any CPU.Build.0 = Debug|Any CPU
		{5E3B7DE3-EC46-075B-4837-B2F9ED736E13}.Release|Any CPU.ActiveCfg = Release|Any CPU
		{5E3B7DE3-EC46-075B-4837-B2F9ED736E13}.Release|Any CPU.Build.0 = Release|Any CPU
		{17AD79D7-EE28-C87C-0B1A-191711822F7C}.Debug|Any CPU.ActiveCfg = Debug|Any CPU
		{17AD79D7-EE28-C87C-0B1A-191711822F7C}.Debug|Any CPU.Build.0 = Debug|Any CPU
		{17AD79D7-EE28-C87C-0B1A-191711822F7C}.Release|Any CPU.ActiveCfg = Release|Any CPU
		{17AD79D7-EE28-C87C-0B1A-191711822F7C}.Release|Any CPU.Build.0 = Release|Any CPU
		{CDEB6336-4423-210C-C9DD-A74CEFF8B658}.Debug|Any CPU.ActiveCfg = Debug|Any CPU
		{CDEB6336-4423-210C-C9DD-A74CEFF8B658}.Debug|Any CPU.Build.0 = Debug|Any CPU
		{CDEB6336-4423-210C-C9DD-A74CEFF8B658}.Release|Any CPU.ActiveCfg = Release|Any CPU
		{CDEB6336-4423-210C-C9DD-A74CEFF8B658}.Release|Any CPU.Build.0 = Release|Any CPU
		{D21F0EF4-B7C7-FCB5-D75C-74E71A5D0E7F}.Debug|Any CPU.ActiveCfg = Debug|Any CPU
		{D21F0EF4-B7C7-FCB5-D75C-74E71A5D0E7F}.Debug|Any CPU.Build.0 = Debug|Any CPU
		{D21F0EF4-B7C7-FCB5-D75C-74E71A5D0E7F}.Release|Any CPU.ActiveCfg = Release|Any CPU
		{D21F0EF4-B7C7-FCB5-D75C-74E71A5D0E7F}.Release|Any CPU.Build.0 = Release|Any CPU
		{1597A4E6-0AEA-BDCA-EFA6-00F55FDEBFB8}.Debug|Any CPU.ActiveCfg = Debug|Any CPU
		{1597A4E6-0AEA-BDCA-EFA6-00F55FDEBFB8}.Debug|Any CPU.Build.0 = Debug|Any CPU
		{1597A4E6-0AEA-BDCA-EFA6-00F55FDEBFB8}.Release|Any CPU.ActiveCfg = Release|Any CPU
		{1597A4E6-0AEA-BDCA-EFA6-00F55FDEBFB8}.Release|Any CPU.Build.0 = Release|Any CPU
		{BF440223-DD89-AD63-980B-BE6D99BCC887}.Debug|Any CPU.ActiveCfg = Debug|Any CPU
		{BF440223-DD89-AD63-980B-BE6D99BCC887}.Debug|Any CPU.Build.0 = Debug|Any CPU
		{BF440223-DD89-AD63-980B-BE6D99BCC887}.Release|Any CPU.ActiveCfg = Release|Any CPU
		{BF440223-DD89-AD63-980B-BE6D99BCC887}.Release|Any CPU.Build.0 = Release|Any CPU
		{FC879FB5-5832-D70A-4EBC-E04C6241448B}.Debug|Any CPU.ActiveCfg = Debug|Any CPU
		{FC879FB5-5832-D70A-4EBC-E04C6241448B}.Debug|Any CPU.Build.0 = Debug|Any CPU
		{FC879FB5-5832-D70A-4EBC-E04C6241448B}.Release|Any CPU.ActiveCfg = Release|Any CPU
		{FC879FB5-5832-D70A-4EBC-E04C6241448B}.Release|Any CPU.Build.0 = Release|Any CPU
		{F67F1D03-3365-6ECE-0817-3A8AFDA1AE1D}.Debug|Any CPU.ActiveCfg = Debug|Any CPU
		{F67F1D03-3365-6ECE-0817-3A8AFDA1AE1D}.Debug|Any CPU.Build.0 = Debug|Any CPU
		{F67F1D03-3365-6ECE-0817-3A8AFDA1AE1D}.Release|Any CPU.ActiveCfg = Release|Any CPU
		{F67F1D03-3365-6ECE-0817-3A8AFDA1AE1D}.Release|Any CPU.Build.0 = Release|Any CPU
		{0B8DCF5D-7060-5160-7DEE-6757C244D3BA}.Debug|Any CPU.ActiveCfg = Debug|Any CPU
		{0B8DCF5D-7060-5160-7DEE-6757C244D3BA}.Debug|Any CPU.Build.0 = Debug|Any CPU
		{0B8DCF5D-7060-5160-7DEE-6757C244D3BA}.Release|Any CPU.ActiveCfg = Release|Any CPU
		{0B8DCF5D-7060-5160-7DEE-6757C244D3BA}.Release|Any CPU.Build.0 = Release|Any CPU
		{1B3B0321-75F3-C89F-AFB0-82261093D6AB}.Debug|Any CPU.ActiveCfg = Debug|Any CPU
		{1B3B0321-75F3-C89F-AFB0-82261093D6AB}.Debug|Any CPU.Build.0 = Debug|Any CPU
		{1B3B0321-75F3-C89F-AFB0-82261093D6AB}.Release|Any CPU.ActiveCfg = Release|Any CPU
		{1B3B0321-75F3-C89F-AFB0-82261093D6AB}.Release|Any CPU.Build.0 = Release|Any CPU
		{7F90419A-24D7-FE0C-9701-8E98B69F98C0}.Debug|Any CPU.ActiveCfg = Debug|Any CPU
		{7F90419A-24D7-FE0C-9701-8E98B69F98C0}.Debug|Any CPU.Build.0 = Debug|Any CPU
		{7F90419A-24D7-FE0C-9701-8E98B69F98C0}.Release|Any CPU.ActiveCfg = Release|Any CPU
		{7F90419A-24D7-FE0C-9701-8E98B69F98C0}.Release|Any CPU.Build.0 = Release|Any CPU
		{AA452A57-9E3A-F7D5-F9DD-74C6A136CBFA}.Debug|Any CPU.ActiveCfg = Debug|Any CPU
		{AA452A57-9E3A-F7D5-F9DD-74C6A136CBFA}.Debug|Any CPU.Build.0 = Debug|Any CPU
		{AA452A57-9E3A-F7D5-F9DD-74C6A136CBFA}.Release|Any CPU.ActiveCfg = Release|Any CPU
		{AA452A57-9E3A-F7D5-F9DD-74C6A136CBFA}.Release|Any CPU.Build.0 = Release|Any CPU
		{8231FFC4-2F8D-2184-4AD9-D4DED58EB76D}.Debug|Any CPU.ActiveCfg = Debug|Any CPU
		{8231FFC4-2F8D-2184-4AD9-D4DED58EB76D}.Debug|Any CPU.Build.0 = Debug|Any CPU
		{8231FFC4-2F8D-2184-4AD9-D4DED58EB76D}.Release|Any CPU.ActiveCfg = Release|Any CPU
		{8231FFC4-2F8D-2184-4AD9-D4DED58EB76D}.Release|Any CPU.Build.0 = Release|Any CPU
		{A0D282DE-FB3C-2329-0AE6-12B743DFF314}.Debug|Any CPU.ActiveCfg = Debug|Any CPU
		{A0D282DE-FB3C-2329-0AE6-12B743DFF314}.Debug|Any CPU.Build.0 = Debug|Any CPU
		{A0D282DE-FB3C-2329-0AE6-12B743DFF314}.Release|Any CPU.ActiveCfg = Release|Any CPU
		{A0D282DE-FB3C-2329-0AE6-12B743DFF314}.Release|Any CPU.Build.0 = Release|Any CPU
		{F7828710-6CAC-F6F8-B3B1-849B07B13503}.Debug|Any CPU.ActiveCfg = Debug|Any CPU
		{F7828710-6CAC-F6F8-B3B1-849B07B13503}.Debug|Any CPU.Build.0 = Debug|Any CPU
		{F7828710-6CAC-F6F8-B3B1-849B07B13503}.Release|Any CPU.ActiveCfg = Release|Any CPU
		{F7828710-6CAC-F6F8-B3B1-849B07B13503}.Release|Any CPU.Build.0 = Release|Any CPU
		{BCF9D842-7512-15DB-1511-6B160A331753}.Debug|Any CPU.ActiveCfg = Debug|Any CPU
		{BCF9D842-7512-15DB-1511-6B160A331753}.Debug|Any CPU.Build.0 = Debug|Any CPU
		{BCF9D842-7512-15DB-1511-6B160A331753}.Release|Any CPU.ActiveCfg = Release|Any CPU
		{BCF9D842-7512-15DB-1511-6B160A331753}.Release|Any CPU.Build.0 = Release|Any CPU
		{74C60041-7037-3DEC-71D4-0063F8697126}.Debug|Any CPU.ActiveCfg = Debug|Any CPU
		{74C60041-7037-3DEC-71D4-0063F8697126}.Debug|Any CPU.Build.0 = Debug|Any CPU
		{74C60041-7037-3DEC-71D4-0063F8697126}.Release|Any CPU.ActiveCfg = Release|Any CPU
		{74C60041-7037-3DEC-71D4-0063F8697126}.Release|Any CPU.Build.0 = Release|Any CPU
		{13510EEE-4DF2-4E33-7D81-64A6D6E53797}.Debug|Any CPU.ActiveCfg = Debug|Any CPU
		{13510EEE-4DF2-4E33-7D81-64A6D6E53797}.Debug|Any CPU.Build.0 = Debug|Any CPU
		{13510EEE-4DF2-4E33-7D81-64A6D6E53797}.Release|Any CPU.ActiveCfg = Release|Any CPU
		{13510EEE-4DF2-4E33-7D81-64A6D6E53797}.Release|Any CPU.Build.0 = Release|Any CPU
		{B2D1BCA8-9890-12C8-BC25-560DB7AAC92C}.Debug|Any CPU.ActiveCfg = Debug|Any CPU
		{B2D1BCA8-9890-12C8-BC25-560DB7AAC92C}.Debug|Any CPU.Build.0 = Debug|Any CPU
		{B2D1BCA8-9890-12C8-BC25-560DB7AAC92C}.Release|Any CPU.ActiveCfg = Release|Any CPU
		{B2D1BCA8-9890-12C8-BC25-560DB7AAC92C}.Release|Any CPU.Build.0 = Release|Any CPU
		{89438ACE-3BAA-BEB4-E3F8-A4BBCDA9B800}.Debug|Any CPU.ActiveCfg = Debug|Any CPU
		{89438ACE-3BAA-BEB4-E3F8-A4BBCDA9B800}.Debug|Any CPU.Build.0 = Debug|Any CPU
		{89438ACE-3BAA-BEB4-E3F8-A4BBCDA9B800}.Release|Any CPU.ActiveCfg = Release|Any CPU
		{89438ACE-3BAA-BEB4-E3F8-A4BBCDA9B800}.Release|Any CPU.Build.0 = Release|Any CPU
		{56E58920-4982-AC44-4F4C-C5BD2330982A}.Debug|Any CPU.ActiveCfg = Debug|Any CPU
		{56E58920-4982-AC44-4F4C-C5BD2330982A}.Debug|Any CPU.Build.0 = Debug|Any CPU
		{56E58920-4982-AC44-4F4C-C5BD2330982A}.Release|Any CPU.ActiveCfg = Release|Any CPU
		{56E58920-4982-AC44-4F4C-C5BD2330982A}.Release|Any CPU.Build.0 = Release|Any CPU
		{08A270C4-B276-FF04-4768-CBC22BDFBDB7}.Debug|Any CPU.ActiveCfg = Debug|Any CPU
		{08A270C4-B276-FF04-4768-CBC22BDFBDB7}.Debug|Any CPU.Build.0 = Debug|Any CPU
		{08A270C4-B276-FF04-4768-CBC22BDFBDB7}.Release|Any CPU.ActiveCfg = Release|Any CPU
		{08A270C4-B276-FF04-4768-CBC22BDFBDB7}.Release|Any CPU.Build.0 = Release|Any CPU
		{17EDFCDB-A9FF-7DB8-095B-206A6A1FAB4A}.Debug|Any CPU.ActiveCfg = Debug|Any CPU
		{17EDFCDB-A9FF-7DB8-095B-206A6A1FAB4A}.Debug|Any CPU.Build.0 = Debug|Any CPU
		{17EDFCDB-A9FF-7DB8-095B-206A6A1FAB4A}.Release|Any CPU.ActiveCfg = Release|Any CPU
		{17EDFCDB-A9FF-7DB8-095B-206A6A1FAB4A}.Release|Any CPU.Build.0 = Release|Any CPU
		{DFF7AC85-4B98-AF20-727D-FDE9D5E5495F}.Debug|Any CPU.ActiveCfg = Debug|Any CPU
		{DFF7AC85-4B98-AF20-727D-FDE9D5E5495F}.Debug|Any CPU.Build.0 = Debug|Any CPU
		{DFF7AC85-4B98-AF20-727D-FDE9D5E5495F}.Release|Any CPU.ActiveCfg = Release|Any CPU
		{DFF7AC85-4B98-AF20-727D-FDE9D5E5495F}.Release|Any CPU.Build.0 = Release|Any CPU
		{6A4D7D58-7361-307E-959A-78FB1A5D91F5}.Debug|Any CPU.ActiveCfg = Debug|Any CPU
		{6A4D7D58-7361-307E-959A-78FB1A5D91F5}.Debug|Any CPU.Build.0 = Debug|Any CPU
		{6A4D7D58-7361-307E-959A-78FB1A5D91F5}.Release|Any CPU.ActiveCfg = Release|Any CPU
		{6A4D7D58-7361-307E-959A-78FB1A5D91F5}.Release|Any CPU.Build.0 = Release|Any CPU
		{8BC7B131-81F4-612E-BFAD-46D2DA8FDC60}.Debug|Any CPU.ActiveCfg = Debug|Any CPU
		{8BC7B131-81F4-612E-BFAD-46D2DA8FDC60}.Debug|Any CPU.Build.0 = Debug|Any CPU
		{8BC7B131-81F4-612E-BFAD-46D2DA8FDC60}.Release|Any CPU.ActiveCfg = Release|Any CPU
		{8BC7B131-81F4-612E-BFAD-46D2DA8FDC60}.Release|Any CPU.Build.0 = Release|Any CPU
		{C8CA5AA6-A53D-93CD-0C6B-8A6A616ADDC7}.Debug|Any CPU.ActiveCfg = Debug|Any CPU
		{C8CA5AA6-A53D-93CD-0C6B-8A6A616ADDC7}.Debug|Any CPU.Build.0 = Debug|Any CPU
		{C8CA5AA6-A53D-93CD-0C6B-8A6A616ADDC7}.Release|Any CPU.ActiveCfg = Release|Any CPU
		{C8CA5AA6-A53D-93CD-0C6B-8A6A616ADDC7}.Release|Any CPU.Build.0 = Release|Any CPU
		{04D4B46A-9C0B-14D8-A449-971EAE69B0C8}.Debug|Any CPU.ActiveCfg = Debug|Any CPU
		{04D4B46A-9C0B-14D8-A449-971EAE69B0C8}.Debug|Any CPU.Build.0 = Debug|Any CPU
		{04D4B46A-9C0B-14D8-A449-971EAE69B0C8}.Release|Any CPU.ActiveCfg = Release|Any CPU
		{04D4B46A-9C0B-14D8-A449-971EAE69B0C8}.Release|Any CPU.Build.0 = Release|Any CPU
		{8DFD0890-EACF-FA98-3622-8441AD2433AB}.Debug|Any CPU.ActiveCfg = Debug|Any CPU
		{8DFD0890-EACF-FA98-3622-8441AD2433AB}.Debug|Any CPU.Build.0 = Debug|Any CPU
		{8DFD0890-EACF-FA98-3622-8441AD2433AB}.Release|Any CPU.ActiveCfg = Release|Any CPU
		{8DFD0890-EACF-FA98-3622-8441AD2433AB}.Release|Any CPU.Build.0 = Release|Any CPU
		{5923A543-F182-EFC7-07C1-1BDA94F95B43}.Debug|Any CPU.ActiveCfg = Debug|Any CPU
		{5923A543-F182-EFC7-07C1-1BDA94F95B43}.Debug|Any CPU.Build.0 = Debug|Any CPU
		{5923A543-F182-EFC7-07C1-1BDA94F95B43}.Release|Any CPU.ActiveCfg = Release|Any CPU
		{5923A543-F182-EFC7-07C1-1BDA94F95B43}.Release|Any CPU.Build.0 = Release|Any CPU
		{D768E2B6-10B2-2CE1-B049-CD9B5704E850}.Debug|Any CPU.ActiveCfg = Debug|Any CPU
		{D768E2B6-10B2-2CE1-B049-CD9B5704E850}.Debug|Any CPU.Build.0 = Debug|Any CPU
		{D768E2B6-10B2-2CE1-B049-CD9B5704E850}.Release|Any CPU.ActiveCfg = Release|Any CPU
		{D768E2B6-10B2-2CE1-B049-CD9B5704E850}.Release|Any CPU.Build.0 = Release|Any CPU
		{4A8EE0D3-6C89-4AE8-4AF2-AAA5B6BF7AB7}.Debug|Any CPU.ActiveCfg = Debug|Any CPU
		{4A8EE0D3-6C89-4AE8-4AF2-AAA5B6BF7AB7}.Debug|Any CPU.Build.0 = Debug|Any CPU
		{4A8EE0D3-6C89-4AE8-4AF2-AAA5B6BF7AB7}.Release|Any CPU.ActiveCfg = Release|Any CPU
		{4A8EE0D3-6C89-4AE8-4AF2-AAA5B6BF7AB7}.Release|Any CPU.Build.0 = Release|Any CPU
		{2EBAF496-3228-5BB1-EF03-2B8A386DAF2E}.Debug|Any CPU.ActiveCfg = Debug|Any CPU
		{2EBAF496-3228-5BB1-EF03-2B8A386DAF2E}.Debug|Any CPU.Build.0 = Debug|Any CPU
		{2EBAF496-3228-5BB1-EF03-2B8A386DAF2E}.Release|Any CPU.ActiveCfg = Release|Any CPU
		{2EBAF496-3228-5BB1-EF03-2B8A386DAF2E}.Release|Any CPU.Build.0 = Release|Any CPU
		{8ABC11B0-738E-766A-190C-758CC350EABD}.Debug|Any CPU.ActiveCfg = Debug|Any CPU
		{8ABC11B0-738E-766A-190C-758CC350EABD}.Debug|Any CPU.Build.0 = Debug|Any CPU
		{8ABC11B0-738E-766A-190C-758CC350EABD}.Release|Any CPU.ActiveCfg = Release|Any CPU
		{8ABC11B0-738E-766A-190C-758CC350EABD}.Release|Any CPU.Build.0 = Release|Any CPU
		{59E3E2A8-4E7C-1542-1E7F-6818A4A34651}.Debug|Any CPU.ActiveCfg = Debug|Any CPU
		{59E3E2A8-4E7C-1542-1E7F-6818A4A34651}.Debug|Any CPU.Build.0 = Debug|Any CPU
		{59E3E2A8-4E7C-1542-1E7F-6818A4A34651}.Release|Any CPU.ActiveCfg = Release|Any CPU
		{59E3E2A8-4E7C-1542-1E7F-6818A4A34651}.Release|Any CPU.Build.0 = Release|Any CPU
		{E15C4CAA-2602-03A6-C8B4-8D701976E7D6}.Debug|Any CPU.ActiveCfg = Debug|Any CPU
		{E15C4CAA-2602-03A6-C8B4-8D701976E7D6}.Debug|Any CPU.Build.0 = Debug|Any CPU
		{E15C4CAA-2602-03A6-C8B4-8D701976E7D6}.Release|Any CPU.ActiveCfg = Release|Any CPU
		{E15C4CAA-2602-03A6-C8B4-8D701976E7D6}.Release|Any CPU.Build.0 = Release|Any CPU
		{B00AD694-8576-8C68-D1D2-915CF263972F}.Debug|Any CPU.ActiveCfg = Debug|Any CPU
		{B00AD694-8576-8C68-D1D2-915CF263972F}.Debug|Any CPU.Build.0 = Debug|Any CPU
		{B00AD694-8576-8C68-D1D2-915CF263972F}.Release|Any CPU.ActiveCfg = Release|Any CPU
		{B00AD694-8576-8C68-D1D2-915CF263972F}.Release|Any CPU.Build.0 = Release|Any CPU
		{2DBDF915-D544-4FE9-9ACD-94DE5238CE00}.Debug|Any CPU.ActiveCfg = Debug|Any CPU
		{2DBDF915-D544-4FE9-9ACD-94DE5238CE00}.Debug|Any CPU.Build.0 = Debug|Any CPU
		{2DBDF915-D544-4FE9-9ACD-94DE5238CE00}.Release|Any CPU.ActiveCfg = Release|Any CPU
		{2DBDF915-D544-4FE9-9ACD-94DE5238CE00}.Release|Any CPU.Build.0 = Release|Any CPU
		{FFC68FCE-8792-F454-D021-705843F62DAF}.Debug|Any CPU.ActiveCfg = Debug|Any CPU
		{FFC68FCE-8792-F454-D021-705843F62DAF}.Debug|Any CPU.Build.0 = Debug|Any CPU
		{FFC68FCE-8792-F454-D021-705843F62DAF}.Release|Any CPU.ActiveCfg = Release|Any CPU
		{FFC68FCE-8792-F454-D021-705843F62DAF}.Release|Any CPU.Build.0 = Release|Any CPU
		{9F682FFB-8563-A5C2-1AB3-63512A9EE4DD}.Debug|Any CPU.ActiveCfg = Debug|Any CPU
		{9F682FFB-8563-A5C2-1AB3-63512A9EE4DD}.Debug|Any CPU.Build.0 = Debug|Any CPU
		{9F682FFB-8563-A5C2-1AB3-63512A9EE4DD}.Release|Any CPU.ActiveCfg = Release|Any CPU
		{9F682FFB-8563-A5C2-1AB3-63512A9EE4DD}.Release|Any CPU.Build.0 = Release|Any CPU
		{04AF48F5-D2D5-6CE6-890A-5DA4E3A0B0BB}.Debug|Any CPU.ActiveCfg = Debug|Any CPU
		{04AF48F5-D2D5-6CE6-890A-5DA4E3A0B0BB}.Debug|Any CPU.Build.0 = Debug|Any CPU
		{04AF48F5-D2D5-6CE6-890A-5DA4E3A0B0BB}.Release|Any CPU.ActiveCfg = Release|Any CPU
		{04AF48F5-D2D5-6CE6-890A-5DA4E3A0B0BB}.Release|Any CPU.Build.0 = Release|Any CPU
		{0C513E75-00F9-5110-05C4-ACF6A87C223A}.Debug|Any CPU.ActiveCfg = Debug|Any CPU
		{0C513E75-00F9-5110-05C4-ACF6A87C223A}.Debug|Any CPU.Build.0 = Debug|Any CPU
		{0C513E75-00F9-5110-05C4-ACF6A87C223A}.Release|Any CPU.ActiveCfg = Release|Any CPU
		{0C513E75-00F9-5110-05C4-ACF6A87C223A}.Release|Any CPU.Build.0 = Release|Any CPU
		{B9855A63-054C-0809-2F75-0A67B4997615}.Debug|Any CPU.ActiveCfg = Debug|Any CPU
		{B9855A63-054C-0809-2F75-0A67B4997615}.Debug|Any CPU.Build.0 = Debug|Any CPU
		{B9855A63-054C-0809-2F75-0A67B4997615}.Release|Any CPU.ActiveCfg = Release|Any CPU
		{B9855A63-054C-0809-2F75-0A67B4997615}.Release|Any CPU.Build.0 = Release|Any CPU
		{282631ED-991E-7EA9-9E23-83A393F74C2F}.Debug|Any CPU.ActiveCfg = Debug|Any CPU
		{282631ED-991E-7EA9-9E23-83A393F74C2F}.Debug|Any CPU.Build.0 = Debug|Any CPU
		{282631ED-991E-7EA9-9E23-83A393F74C2F}.Release|Any CPU.ActiveCfg = Release|Any CPU
		{282631ED-991E-7EA9-9E23-83A393F74C2F}.Release|Any CPU.Build.0 = Release|Any CPU
		{CDD62EB6-4EA8-2F95-C226-95C823148CFC}.Debug|Any CPU.ActiveCfg = Debug|Any CPU
		{CDD62EB6-4EA8-2F95-C226-95C823148CFC}.Debug|Any CPU.Build.0 = Debug|Any CPU
		{CDD62EB6-4EA8-2F95-C226-95C823148CFC}.Release|Any CPU.ActiveCfg = Release|Any CPU
		{CDD62EB6-4EA8-2F95-C226-95C823148CFC}.Release|Any CPU.Build.0 = Release|Any CPU
		{ED44555F-CEBF-1C03-A948-81CDF434FFB1}.Debug|Any CPU.ActiveCfg = Debug|Any CPU
		{ED44555F-CEBF-1C03-A948-81CDF434FFB1}.Debug|Any CPU.Build.0 = Debug|Any CPU
		{ED44555F-CEBF-1C03-A948-81CDF434FFB1}.Release|Any CPU.ActiveCfg = Release|Any CPU
		{ED44555F-CEBF-1C03-A948-81CDF434FFB1}.Release|Any CPU.Build.0 = Release|Any CPU
		{51500AED-6FDE-F082-4B16-449228868BE7}.Debug|Any CPU.ActiveCfg = Debug|Any CPU
		{51500AED-6FDE-F082-4B16-449228868BE7}.Debug|Any CPU.Build.0 = Debug|Any CPU
		{51500AED-6FDE-F082-4B16-449228868BE7}.Release|Any CPU.ActiveCfg = Release|Any CPU
		{51500AED-6FDE-F082-4B16-449228868BE7}.Release|Any CPU.Build.0 = Release|Any CPU
		{FDBEA909-2897-C4E8-5869-2FAAEF7FEEC7}.Debug|Any CPU.ActiveCfg = Debug|Any CPU
		{FDBEA909-2897-C4E8-5869-2FAAEF7FEEC7}.Debug|Any CPU.Build.0 = Debug|Any CPU
		{FDBEA909-2897-C4E8-5869-2FAAEF7FEEC7}.Release|Any CPU.ActiveCfg = Release|Any CPU
		{FDBEA909-2897-C4E8-5869-2FAAEF7FEEC7}.Release|Any CPU.Build.0 = Release|Any CPU
		{CB811D54-89F7-39AE-D715-EDA1D07FD405}.Debug|Any CPU.ActiveCfg = Debug|Any CPU
		{CB811D54-89F7-39AE-D715-EDA1D07FD405}.Debug|Any CPU.Build.0 = Debug|Any CPU
		{CB811D54-89F7-39AE-D715-EDA1D07FD405}.Release|Any CPU.ActiveCfg = Release|Any CPU
		{CB811D54-89F7-39AE-D715-EDA1D07FD405}.Release|Any CPU.Build.0 = Release|Any CPU
		{88CF175E-B598-1F22-A3A6-7FE9D8F3A0DD}.Debug|Any CPU.ActiveCfg = Debug|Any CPU
		{88CF175E-B598-1F22-A3A6-7FE9D8F3A0DD}.Debug|Any CPU.Build.0 = Debug|Any CPU
		{88CF175E-B598-1F22-A3A6-7FE9D8F3A0DD}.Release|Any CPU.ActiveCfg = Release|Any CPU
		{88CF175E-B598-1F22-A3A6-7FE9D8F3A0DD}.Release|Any CPU.Build.0 = Release|Any CPU
		{CF28BFB2-BA45-1515-D161-B3018B4E0D62}.Debug|Any CPU.ActiveCfg = Debug|Any CPU
		{CF28BFB2-BA45-1515-D161-B3018B4E0D62}.Debug|Any CPU.Build.0 = Debug|Any CPU
		{CF28BFB2-BA45-1515-D161-B3018B4E0D62}.Release|Any CPU.ActiveCfg = Release|Any CPU
		{CF28BFB2-BA45-1515-D161-B3018B4E0D62}.Release|Any CPU.Build.0 = Release|Any CPU
		{E1800F37-20AA-5622-E170-23C692F4595E}.Debug|Any CPU.ActiveCfg = Debug|Any CPU
		{E1800F37-20AA-5622-E170-23C692F4595E}.Debug|Any CPU.Build.0 = Debug|Any CPU
		{E1800F37-20AA-5622-E170-23C692F4595E}.Release|Any CPU.ActiveCfg = Release|Any CPU
		{E1800F37-20AA-5622-E170-23C692F4595E}.Release|Any CPU.Build.0 = Release|Any CPU
	EndGlobalSection
	GlobalSection(SolutionProperties) = preSolution
		HideSolutionNode = FALSE
	EndGlobalSection
EndGlobal
